
Microsoft Visual Studio Solution File, Format Version 12.00
# Visual Studio 15
VisualStudioVersion = 15.0.27703.2042
MinimumVisualStudioVersion = 10.0.40219.1
Project("{FAE04EC0-301F-11D3-BF4B-00C04F79EFBC}") = "Persons.Service", "Persons\Persons.Service.csproj", "{B9670A05-A50E-4ABA-B978-E879E28A15E6}"
EndProject
Project("{FAE04EC0-301F-11D3-BF4B-00C04F79EFBC}") = "Persons", "Persons.Service\Persons.csproj", "{6AF25096-1C75-49DA-AEFD-8DC46C0427D8}"
EndProject
Project("{FAE04EC0-301F-11D3-BF4B-00C04F79EFBC}") = "Persons.Abstractions", "Persons.Abstractions\Persons.Abstractions.csproj", "{75335959-E273-49F1-9DA7-FC20C67BAFFD}"
EndProject
Project("{FAE04EC0-301F-11D3-BF4B-00C04F79EFBC}") = "Persons.Logging", "Persons.Logging\Persons.Logging.csproj", "{C54440E0-0426-44D8-B824-E5CF5D001E02}"
EndProject
Global
	GlobalSection(SolutionConfigurationPlatforms) = preSolution
		Debug|Any CPU = Debug|Any CPU
		Release|Any CPU = Release|Any CPU
	EndGlobalSection
	GlobalSection(ProjectConfigurationPlatforms) = postSolution
		{B9670A05-A50E-4ABA-B978-E879E28A15E6}.Debug|Any CPU.ActiveCfg = Debug|Any CPU
		{B9670A05-A50E-4ABA-B978-E879E28A15E6}.Debug|Any CPU.Build.0 = Debug|Any CPU
		{B9670A05-A50E-4ABA-B978-E879E28A15E6}.Release|Any CPU.ActiveCfg = Release|Any CPU
		{B9670A05-A50E-4ABA-B978-E879E28A15E6}.Release|Any CPU.Build.0 = Release|Any CPU
		{6AF25096-1C75-49DA-AEFD-8DC46C0427D8}.Debug|Any CPU.ActiveCfg = Debug|Any CPU
		{6AF25096-1C75-49DA-AEFD-8DC46C0427D8}.Debug|Any CPU.Build.0 = Debug|Any CPU
		{6AF25096-1C75-49DA-AEFD-8DC46C0427D8}.Release|Any CPU.ActiveCfg = Release|Any CPU
		{6AF25096-1C75-49DA-AEFD-8DC46C0427D8}.Release|Any CPU.Build.0 = Release|Any CPU
		{75335959-E273-49F1-9DA7-FC20C67BAFFD}.Debug|Any CPU.ActiveCfg = Debug|Any CPU
		{75335959-E273-49F1-9DA7-FC20C67BAFFD}.Debug|Any CPU.Build.0 = Debug|Any CPU
		{75335959-E273-49F1-9DA7-FC20C67BAFFD}.Release|Any CPU.ActiveCfg = Release|Any CPU
		{75335959-E273-49F1-9DA7-FC20C67BAFFD}.Release|Any CPU.Build.0 = Release|Any CPU
		{C54440E0-0426-44D8-B824-E5CF5D001E02}.Debug|Any CPU.ActiveCfg = Debug|Any CPU
		{C54440E0-0426-44D8-B824-E5CF5D001E02}.Debug|Any CPU.Build.0 = Debug|Any CPU
		{C54440E0-0426-44D8-B824-E5CF5D001E02}.Release|Any CPU.ActiveCfg = Release|Any CPU
		{C54440E0-0426-44D8-B824-E5CF5D001E02}.Release|Any CPU.Build.0 = Release|Any CPU
	EndGlobalSection
	GlobalSection(SolutionProperties) = preSolution
		HideSolutionNode = FALSE
	EndGlobalSection
	GlobalSection(ExtensibilityGlobals) = postSolution
		SolutionGuid = {AD528305-D99A-4B41-B178-8DE071F7031D}
	EndGlobalSection
EndGlobal
